// !$*UTF8*$!
{
	archiveVersion = 1;
	classes = {
	};
	objectVersion = 56;
	objects = {

/* Begin PBXBuildFile section */
		3961B738290BB42000E47B2D /* AppDelegate.swift in Sources */ = {isa = PBXBuildFile; fileRef = 3961B737290BB42000E47B2D /* AppDelegate.swift */; };
		3961B73A290BB42000E47B2D /* SceneDelegate.swift in Sources */ = {isa = PBXBuildFile; fileRef = 3961B739290BB42000E47B2D /* SceneDelegate.swift */; };
		3961B73C290BB42000E47B2D /* ViewController.swift in Sources */ = {isa = PBXBuildFile; fileRef = 3961B73B290BB42000E47B2D /* ViewController.swift */; };
		3961B73F290BB42000E47B2D /* Main.storyboard in Resources */ = {isa = PBXBuildFile; fileRef = 3961B73D290BB42000E47B2D /* Main.storyboard */; };
		3961B742290BB42000E47B2D /* CoreDataToDo.xcdatamodeld in Sources */ = {isa = PBXBuildFile; fileRef = 3961B740290BB42000E47B2D /* CoreDataToDo.xcdatamodeld */; };
		3961B744290BB42000E47B2D /* Assets.xcassets in Resources */ = {isa = PBXBuildFile; fileRef = 3961B743290BB42000E47B2D /* Assets.xcassets */; };
		3961B747290BB42000E47B2D /* LaunchScreen.storyboard in Resources */ = {isa = PBXBuildFile; fileRef = 3961B745290BB42000E47B2D /* LaunchScreen.storyboard */; };
		3961B753290BB6C700E47B2D /* ToDoListitem+CoreDataClass.swift in Sources */ = {isa = PBXBuildFile; fileRef = 3961B751290BB6C700E47B2D /* ToDoListitem+CoreDataClass.swift */; };
		3961B754290BB6C700E47B2D /* ToDoListitem+CoreDataProperties.swift in Sources */ = {isa = PBXBuildFile; fileRef = 3961B752290BB6C700E47B2D /* ToDoListitem+CoreDataProperties.swift */; };
/* End PBXBuildFile section */

/* Begin PBXFileReference section */
		3961B734290BB42000E47B2D /* CoreDataToDo.app */ = {isa = PBXFileReference; explicitFileType = wrapper.application; includeInIndex = 0; path = CoreDataToDo.app; sourceTree = BUILT_PRODUCTS_DIR; };
		3961B737290BB42000E47B2D /* AppDelegate.swift */ = {isa = PBXFileReference; lastKnownFileType = sourcecode.swift; path = AppDelegate.swift; sourceTree = "<group>"; };
		3961B739290BB42000E47B2D /* SceneDelegate.swift */ = {isa = PBXFileReference; lastKnownFileType = sourcecode.swift; path = SceneDelegate.swift; sourceTree = "<group>"; };
		3961B73B290BB42000E47B2D /* ViewController.swift */ = {isa = PBXFileReference; lastKnownFileType = sourcecode.swift; path = ViewController.swift; sourceTree = "<group>"; };
		3961B73E290BB42000E47B2D /* Base */ = {isa = PBXFileReference; lastKnownFileType = file.storyboard; name = Base; path = Base.lproj/Main.storyboard; sourceTree = "<group>"; };
		3961B741290BB42000E47B2D /* CoreDataToDo.xcdatamodel */ = {isa = PBXFileReference; lastKnownFileType = wrapper.xcdatamodel; path = CoreDataToDo.xcdatamodel; sourceTree = "<group>"; };
		3961B743290BB42000E47B2D /* Assets.xcassets */ = {isa = PBXFileReference; lastKnownFileType = folder.assetcatalog; path = Assets.xcassets; sourceTree = "<group>"; };
		3961B746290BB42000E47B2D /* Base */ = {isa = PBXFileReference; lastKnownFileType = file.storyboard; name = Base; path = Base.lproj/LaunchScreen.storyboard; sourceTree = "<group>"; };
		3961B748290BB42000E47B2D /* Info.plist */ = {isa = PBXFileReference; lastKnownFileType = text.plist.xml; path = Info.plist; sourceTree = "<group>"; };
		3961B751290BB6C700E47B2D /* ToDoListitem+CoreDataClass.swift */ = {isa = PBXFileReference; lastKnownFileType = sourcecode.swift; path = "ToDoListitem+CoreDataClass.swift"; sourceTree = "<group>"; };
		3961B752290BB6C700E47B2D /* ToDoListitem+CoreDataProperties.swift */ = {isa = PBXFileReference; lastKnownFileType = sourcecode.swift; path = "ToDoListitem+CoreDataProperties.swift"; sourceTree = "<group>"; };
/* End PBXFileReference section */

/* Begin PBXFrameworksBuildPhase section */
		3961B731290BB42000E47B2D /* Frameworks */ = {
			isa = PBXFrameworksBuildPhase;
			buildActionMask = 2147483647;
			files = (
			);
			runOnlyForDeploymentPostprocessing = 0;
		};
/* End PBXFrameworksBuildPhase section */

/* Begin PBXGroup section */
		3961B72B290BB42000E47B2D = {
			isa = PBXGroup;
			children = (
				3961B736290BB42000E47B2D /* CoreDataToDo */,
				3961B735290BB42000E47B2D /* Products */,
			);
			sourceTree = "<group>";
		};
		3961B735290BB42000E47B2D /* Products */ = {
			isa = PBXGroup;
			children = (
				3961B734290BB42000E47B2D /* CoreDataToDo.app */,
			);
			name = Products;
			sourceTree = "<group>";
		};
		3961B736290BB42000E47B2D /* CoreDataToDo */ = {
			isa = PBXGroup;
			children = (
				3961B755290BB6E600E47B2D /* ToDoListitem */,
				3961B737290BB42000E47B2D /* AppDelegate.swift */,
				3961B739290BB42000E47B2D /* SceneDelegate.swift */,
				3961B73B290BB42000E47B2D /* ViewController.swift */,
				3961B73D290BB42000E47B2D /* Main.storyboard */,
				3961B743290BB42000E47B2D /* Assets.xcassets */,
				3961B745290BB42000E47B2D /* LaunchScreen.storyboard */,
				3961B748290BB42000E47B2D /* Info.plist */,
				3961B740290BB42000E47B2D /* CoreDataToDo.xcdatamodeld */,
			);
			path = CoreDataToDo;
			sourceTree = "<group>";
		};
		3961B755290BB6E600E47B2D /* ToDoListitem */ = {
			isa = PBXGroup;
			children = (
				3961B751290BB6C700E47B2D /* ToDoListitem+CoreDataClass.swift */,
				3961B752290BB6C700E47B2D /* ToDoListitem+CoreDataProperties.swift */,
			);
			path = ToDoListitem;
			sourceTree = "<group>";
		};
/* End PBXGroup section */

/* Begin PBXNativeTarget section */
		3961B733290BB42000E47B2D /* CoreDataToDo */ = {
			isa = PBXNativeTarget;
			buildConfigurationList = 3961B74B290BB42000E47B2D /* Build configuration list for PBXNativeTarget "CoreDataToDo" */;
			buildPhases = (
				3961B730290BB42000E47B2D /* Sources */,
				3961B731290BB42000E47B2D /* Frameworks */,
				3961B732290BB42000E47B2D /* Resources */,
			);
			buildRules = (
			);
			dependencies = (
			);
			name = CoreDataToDo;
			productName = CoreDataToDo;
			productReference = 3961B734290BB42000E47B2D /* CoreDataToDo.app */;
			productType = "com.apple.product-type.application";
		};
/* End PBXNativeTarget section */

/* Begin PBXProject section */
		3961B72C290BB42000E47B2D /* Project object */ = {
			isa = PBXProject;
			attributes = {
				BuildIndependentTargetsInParallel = 1;
				LastSwiftUpdateCheck = 1400;
				LastUpgradeCheck = 1400;
				TargetAttributes = {
					3961B733290BB42000E47B2D = {
						CreatedOnToolsVersion = 14.0.1;
					};
				};
			};
			buildConfigurationList = 3961B72F290BB42000E47B2D /* Build configuration list for PBXProject "CoreDataToDo" */;
			compatibilityVersion = "Xcode 14.0";
			developmentRegion = en;
			hasScannedForEncodings = 0;
			knownRegions = (
				en,
				Base,
			);
			mainGroup = 3961B72B290BB42000E47B2D;
			productRefGroup = 3961B735290BB42000E47B2D /* Products */;
			projectDirPath = "";
			projectRoot = "";
			targets = (
				3961B733290BB42000E47B2D /* CoreDataToDo */,
			);
		};
/* End PBXProject section */

/* Begin PBXResourcesBuildPhase section */
		3961B732290BB42000E47B2D /* Resources */ = {
			isa = PBXResourcesBuildPhase;
			buildActionMask = 2147483647;
			files = (
				3961B747290BB42000E47B2D /* LaunchScreen.storyboard in Resources */,
				3961B744290BB42000E47B2D /* Assets.xcassets in Resources */,
				3961B73F290BB42000E47B2D /* Main.storyboard in Resources */,
			);
			runOnlyForDeploymentPostprocessing = 0;
		};
/* End PBXResourcesBuildPhase section */

/* Begin PBXSourcesBuildPhase section */
		3961B730290BB42000E47B2D /* Sources */ = {
			isa = PBXSourcesBuildPhase;
			buildActionMask = 2147483647;
			files = (
				3961B73C290BB42000E47B2D /* ViewController.swift in Sources */,
				3961B753290BB6C700E47B2D /* ToDoListitem+CoreDataClass.swift in Sources */,
				3961B754290BB6C700E47B2D /* ToDoListitem+CoreDataProperties.swift in Sources */,
				3961B738290BB42000E47B2D /* AppDelegate.swift in Sources */,
				3961B742290BB42000E47B2D /* CoreDataToDo.xcdatamodeld in Sources */,
				3961B73A290BB42000E47B2D /* SceneDelegate.swift in Sources */,
			);
			runOnlyForDeploymentPostprocessing = 0;
		};
/* End PBXSourcesBuildPhase section */

/* Begin PBXVariantGroup section */
		3961B73D290BB42000E47B2D /* Main.storyboard */ = {
			isa = PBXVariantGroup;
			children = (
				3961B73E290BB42000E47B2D /* Base */,
			);
			name = Main.storyboard;
			sourceTree = "<group>";
		};
		3961B745290BB42000E47B2D /* LaunchScreen.storyboard */ = {
			isa = PBXVariantGroup;
			children = (
				3961B746290BB42000E47B2D /* Base */,
			);
			name = LaunchScreen.storyboard;
			sourceTree = "<group>";
		};
/* End PBXVariantGroup section */

/* Begin XCBuildConfiguration section */
		3961B749290BB42000E47B2D /* Debug */ = {
			isa = XCBuildConfiguration;
			buildSettings = {
				ALWAYS_SEARCH_USER_PATHS = NO;
				CLANG_ANALYZER_NONNULL = YES;
				CLANG_ANALYZER_NUMBER_OBJECT_CONVERSION = YES_AGGRESSIVE;
				CLANG_CXX_LANGUAGE_STANDARD = "gnu++20";
				CLANG_ENABLE_MODULES = YES;
				CLANG_ENABLE_OBJC_ARC = YES;
				CLANG_ENABLE_OBJC_WEAK = YES;
				CLANG_WARN_BLOCK_CAPTURE_AUTORELEASING = YES;
				CLANG_WARN_BOOL_CONVERSION = YES;
				CLANG_WARN_COMMA = YES;
				CLANG_WARN_CONSTANT_CONVERSION = YES;
				CLANG_WARN_DEPRECATED_OBJC_IMPLEMENTATIONS = YES;
				CLANG_WARN_DIRECT_OBJC_ISA_USAGE = YES_ERROR;
				CLANG_WARN_DOCUMENTATION_COMMENTS = YES;
				CLANG_WARN_EMPTY_BODY = YES;
				CLANG_WARN_ENUM_CONVERSION = YES;
				CLANG_WARN_INFINITE_RECURSION = YES;
				CLANG_WARN_INT_CONVERSION = YES;
				CLANG_WARN_NON_LITERAL_NULL_CONVERSION = YES;
				CLANG_WARN_OBJC_IMPLICIT_RETAIN_SELF = YES;
				CLANG_WARN_OBJC_LITERAL_CONVERSION = YES;
				CLANG_WARN_OBJC_ROOT_CLASS = YES_ERROR;
				CLANG_WARN_QUOTED_INCLUDE_IN_FRAMEWORK_HEADER = YES;
				CLANG_WARN_RANGE_LOOP_ANALYSIS = YES;
				CLANG_WARN_STRICT_PROTOTYPES = YES;
				CLANG_WARN_SUSPICIOUS_MOVE = YES;
				CLANG_WARN_UNGUARDED_AVAILABILITY = YES_AGGRESSIVE;
				CLANG_WARN_UNREACHABLE_CODE = YES;
				CLANG_WARN__DUPLICATE_METHOD_MATCH = YES;
				COPY_PHASE_STRIP = NO;
				DEBUG_INFORMATION_FORMAT = dwarf;
				ENABLE_STRICT_OBJC_MSGSEND = YES;
				ENABLE_TESTABILITY = YES;
				GCC_C_LANGUAGE_STANDARD = gnu11;
				GCC_DYNAMIC_NO_PIC = NO;
				GCC_NO_COMMON_BLOCKS = YES;
				GCC_OPTIMIZATION_LEVEL = 0;
				GCC_PREPROCESSOR_DEFINITIONS = (
					"DEBUG=1",
					"$(inherited)",
				);
				GCC_WARN_64_TO_32_BIT_CONVERSION = YES;
				GCC_WARN_ABOUT_RETURN_TYPE = YES_ERROR;
				GCC_WARN_UNDECLARED_SELECTOR = YES;
				GCC_WARN_UNINITIALIZED_AUTOS = YES_AGGRESSIVE;
				GCC_WARN_UNUSED_FUNCTION = YES;
				GCC_WARN_UNUSED_VARIABLE = YES;
				IPHONEOS_DEPLOYMENT_TARGET = 16.0;
				MTL_ENABLE_DEBUG_INFO = INCLUDE_SOURCE;
				MTL_FAST_MATH = YES;
				ONLY_ACTIVE_ARCH = YES;
				SDKROOT = iphoneos;
				SWIFT_ACTIVE_COMPILATION_CONDITIONS = DEBUG;
				SWIFT_OPTIMIZATION_LEVEL = "-Onone";
			};
			name = Debug;
		};
		3961B74A290BB42000E47B2D /* Release */ = {
			isa = XCBuildConfiguration;
			buildSettings = {
				ALWAYS_SEARCH_USER_PATHS = NO;
				CLANG_ANALYZER_NONNULL = YES;
				CLANG_ANALYZER_NUMBER_OBJECT_CONVERSION = YES_AGGRESSIVE;
				CLANG_CXX_LANGUAGE_STANDARD = "gnu++20";
				CLANG_ENABLE_MODULES = YES;
				CLANG_ENABLE_OBJC_ARC = YES;
				CLANG_ENABLE_OBJC_WEAK = YES;
				CLANG_WARN_BLOCK_CAPTURE_AUTORELEASING = YES;
				CLANG_WARN_BOOL_CONVERSION = YES;
				CLANG_WARN_COMMA = YES;
				CLANG_WARN_CONSTANT_CONVERSION = YES;
				CLANG_WARN_DEPRECATED_OBJC_IMPLEMENTATIONS = YES;
				CLANG_WARN_DIRECT_OBJC_ISA_USAGE = YES_ERROR;
				CLANG_WARN_DOCUMENTATION_COMMENTS = YES;
				CLANG_WARN_EMPTY_BODY = YES;
				CLANG_WARN_ENUM_CONVERSION = YES;
				CLANG_WARN_INFINITE_RECURSION = YES;
				CLANG_WARN_INT_CONVERSION = YES;
				CLANG_WARN_NON_LITERAL_NULL_CONVERSION = YES;
				CLANG_WARN_OBJC_IMPLICIT_RETAIN_SELF = YES;
				CLANG_WARN_OBJC_LITERAL_CONVERSION = YES;
				CLANG_WARN_OBJC_ROOT_CLASS = YES_ERROR;
				CLANG_WARN_QUOTED_INCLUDE_IN_FRAMEWORK_HEADER = YES;
				CLANG_WARN_RANGE_LOOP_ANALYSIS = YES;
				CLANG_WARN_STRICT_PROTOTYPES = YES;
				CLANG_WARN_SUSPICIOUS_MOVE = YES;
				CLANG_WARN_UNGUARDED_AVAILABILITY = YES_AGGRESSIVE;
				CLANG_WARN_UNREACHABLE_CODE = YES;
				CLANG_WARN__DUPLICATE_METHOD_MATCH = YES;
				COPY_PHASE_STRIP = NO;
				DEBUG_INFORMATION_FORMAT = "dwarf-with-dsym";
				ENABLE_NS_ASSERTIONS = NO;
				ENABLE_STRICT_OBJC_MSGSEND = YES;
				GCC_C_LANGUAGE_STANDARD = gnu11;
				GCC_NO_COMMON_BLOCKS = YES;
				GCC_WARN_64_TO_32_BIT_CONVERSION = YES;
				GCC_WARN_ABOUT_RETURN_TYPE = YES_ERROR;
				GCC_WARN_UNDECLARED_SELECTOR = YES;
				GCC_WARN_UNINITIALIZED_AUTOS = YES_AGGRESSIVE;
				GCC_WARN_UNUSED_FUNCTION = YES;
				GCC_WARN_UNUSED_VARIABLE = YES;
				IPHONEOS_DEPLOYMENT_TARGET = 16.0;
				MTL_ENABLE_DEBUG_INFO = NO;
				MTL_FAST_MATH = YES;
				SDKROOT = iphoneos;
				SWIFT_COMPILATION_MODE = wholemodule;
				SWIFT_OPTIMIZATION_LEVEL = "-O";
				VALIDATE_PRODUCT = YES;
			};
			name = Release;
		};
		3961B74C290BB42000E47B2D /* Debug */ = {
			isa = XCBuildConfiguration;
			buildSettings = {
				ASSETCATALOG_COMPILER_APPICON_NAME = AppIcon;
				ASSETCATALOG_COMPILER_GLOBAL_ACCENT_COLOR_NAME = AccentColor;
				CODE_SIGN_STYLE = Automatic;
				CURRENT_PROJECT_VERSION = 1;
				DEVELOPMENT_TEAM = L25LXZY6LR;
				GENERATE_INFOPLIST_FILE = YES;
				INFOPLIST_FILE = CoreDataToDo/Info.plist;
				INFOPLIST_KEY_UIApplicationSupportsIndirectInputEvents = YES;
				INFOPLIST_KEY_UILaunchStoryboardName = LaunchScreen;
				INFOPLIST_KEY_UIMainStoryboardFile = Main;
				INFOPLIST_KEY_UISupportedInterfaceOrientations_iPad = "UIInterfaceOrientationPortrait UIInterfaceOrientationPortraitUpsideDown UIInterfaceOrientationLandscapeLeft UIInterfaceOrientationLandscapeRight";
				INFOPLIST_KEY_UISupportedInterfaceOrientations_iPhone = "UIInterfaceOrientationPortrait UIInterfaceOrientationLandscapeLeft UIInterfaceOrientationLandscapeRight";
				LD_RUNPATH_SEARCH_PATHS = (
					"$(inherited)",
					"@executable_path/Frameworks",
				);
				MARKETING_VERSION = 1.0;
				PRODUCT_BUNDLE_IDENTIFIER = com.danielkarath.CoreDataToDo;
				PRODUCT_NAME = "$(TARGET_NAME)";
				SWIFT_EMIT_LOC_STRINGS = YES;
				SWIFT_VERSION = 5.0;
				TARGETED_DEVICE_FAMILY = "1,2";
			};
			name = Debug;
		};
		3961B74D290BB42000E47B2D /* Release */ = {
			isa = XCBuildConfiguration;
			buildSettings = {
				ASSETCATALOG_COMPILER_APPICON_NAME = AppIcon;
				ASSETCATALOG_COMPILER_GLOBAL_ACCENT_COLOR_NAME = AccentColor;
				CODE_SIGN_STYLE = Automatic;
				CURRENT_PROJECT_VERSION = 1;
				DEVELOPMENT_TEAM = L25LXZY6LR;
				GENERATE_INFOPLIST_FILE = YES;
				INFOPLIST_FILE = CoreDataToDo/Info.plist;
				INFOPLIST_KEY_UIApplicationSupportsIndirectInputEvents = YES;
				INFOPLIST_KEY_UILaunchStoryboardName = LaunchScreen;
				INFOPLIST_KEY_UIMainStoryboardFile = Main;
				INFOPLIST_KEY_UISupportedInterfaceOrientations_iPad = "UIInterfaceOrientationPortrait UIInterfaceOrientationPortraitUpsideDown UIInterfaceOrientationLandscapeLeft UIInterfaceOrientationLandscapeRight";
				INFOPLIST_KEY_UISupportedInterfaceOrientations_iPhone = "UIInterfaceOrientationPortrait UIInterfaceOrientationLandscapeLeft UIInterfaceOrientationLandscapeRight";
				LD_RUNPATH_SEARCH_PATHS = (
					"$(inherited)",
					"@executable_path/Frameworks",
				);
				MARKETING_VERSION = 1.0;
				PRODUCT_BUNDLE_IDENTIFIER = com.danielkarath.CoreDataToDo;
				PRODUCT_NAME = "$(TARGET_NAME)";
				SWIFT_EMIT_LOC_STRINGS = YES;
				SWIFT_VERSION = 5.0;
				TARGETED_DEVICE_FAMILY = "1,2";
			};
			name = Release;
		};
/* End XCBuildConfiguration section */

/* Begin XCConfigurationList section */
		3961B72F290BB42000E47B2D /* Build configuration list for PBXProject "CoreDataToDo" */ = {
			isa = XCConfigurationList;
			buildConfigurations = (
				3961B749290BB42000E47B2D /* Debug */,
				3961B74A290BB42000E47B2D /* Release */,
			);
			defaultConfigurationIsVisible = 0;
			defaultConfigurationName = Release;
		};
		3961B74B290BB42000E47B2D /* Build configuration list for PBXNativeTarget "CoreDataToDo" */ = {
			isa = XCConfigurationList;
			buildConfigurations = (
				3961B74C290BB42000E47B2D /* Debug */,
				3961B74D290BB42000E47B2D /* Release */,
			);
			defaultConfigurationIsVisible = 0;
			defaultConfigurationName = Release;
		};
/* End XCConfigurationList section */

/* Begin XCVersionGroup section */
		3961B740290BB42000E47B2D /* CoreDataToDo.xcdatamodeld */ = {
			isa = XCVersionGroup;
			children = (
				3961B741290BB42000E47B2D /* CoreDataToDo.xcdatamodel */,
			);
			currentVersion = 3961B741290BB42000E47B2D /* CoreDataToDo.xcdatamodel */;
			path = CoreDataToDo.xcdatamodeld;
			sourceTree = "<group>";
			versionGroupType = wrapper.xcdatamodel;
		};
/* End XCVersionGroup section */
	};
	rootObject = 3961B72C290BB42000E47B2D /* Project object */;
}
